
Microsoft Visual Studio Solution File, Format Version 12.00
# Visual Studio Version 17
VisualStudioVersion = 17.13.35825.156
MinimumVisualStudioVersion = 10.0.40219.1
Project("{FAE04EC0-301F-11D3-BF4B-00C04F79EFBC}") = "Gestor_De_Datos", "Gestor_De_Datos\Gestor_De_Datos.csproj", "{7C366E8E-9742-4957-AFF7-AA7EC5902541}"
EndProject
Project("{FAE04EC0-301F-11D3-BF4B-00C04F79EFBC}") = "DominioClases", "DominioDeClases\DominioClases.csproj", "{35758603-B4C9-4F2C-9376-179A4DD16AA5}"
EndProject
Project("{FAE04EC0-301F-11D3-BF4B-00C04F79EFBC}") = "AccesoDatosSQL", "AccesoDatosSQL\AccesoDatosSQL.csproj", "{A1C11760-BDA8-4728-B805-A28D1FDCD590}"
EndProject
Global
	GlobalSection(SolutionConfigurationPlatforms) = preSolution
		Debug|Any CPU = Debug|Any CPU
		Release|Any CPU = Release|Any CPU
	EndGlobalSection
	GlobalSection(ProjectConfigurationPlatforms) = postSolution
		{7C366E8E-9742-4957-AFF7-AA7EC5902541}.Debug|Any CPU.ActiveCfg = Debug|Any CPU
		{7C366E8E-9742-4957-AFF7-AA7EC5902541}.Debug|Any CPU.Build.0 = Debug|Any CPU
		{7C366E8E-9742-4957-AFF7-AA7EC5902541}.Release|Any CPU.ActiveCfg = Release|Any CPU
		{7C366E8E-9742-4957-AFF7-AA7EC5902541}.Release|Any CPU.Build.0 = Release|Any CPU
		{35758603-B4C9-4F2C-9376-179A4DD16AA5}.Debug|Any CPU.ActiveCfg = Debug|Any CPU
		{35758603-B4C9-4F2C-9376-179A4DD16AA5}.Debug|Any CPU.Build.0 = Debug|Any CPU
		{35758603-B4C9-4F2C-9376-179A4DD16AA5}.Release|Any CPU.ActiveCfg = Release|Any CPU
		{35758603-B4C9-4F2C-9376-179A4DD16AA5}.Release|Any CPU.Build.0 = Release|Any CPU
		{A1C11760-BDA8-4728-B805-A28D1FDCD590}.Debug|Any CPU.ActiveCfg = Debug|Any CPU
		{A1C11760-BDA8-4728-B805-A28D1FDCD590}.Debug|Any CPU.Build.0 = Debug|Any CPU
		{A1C11760-BDA8-4728-B805-A28D1FDCD590}.Release|Any CPU.ActiveCfg = Release|Any CPU
		{A1C11760-BDA8-4728-B805-A28D1FDCD590}.Release|Any CPU.Build.0 = Release|Any CPU
	EndGlobalSection
	GlobalSection(SolutionProperties) = preSolution
		HideSolutionNode = FALSE
	EndGlobalSection
	GlobalSection(ExtensibilityGlobals) = postSolution
		SolutionGuid = {F2E744AF-88DC-4603-8075-F0EDE249744E}
	EndGlobalSection
EndGlobal
